
Microsoft Visual Studio Solution File, Format Version 12.00
# Visual Studio Version 17
VisualStudioVersion = 17.5.33516.290
MinimumVisualStudioVersion = 10.0.40219.1
Project("{FAE04EC0-301F-11D3-BF4B-00C04F79EFBC}") = "Algorithm", "Algorithm\Algorithm.csproj", "{4E48A0AB-23B6-4C01-8918-487E287F5048}"
EndProject
Project("{FAE04EC0-301F-11D3-BF4B-00C04F79EFBC}") = "Excercise", "Excercise\Excercise.csproj", "{EC0624C8-6EEF-47B2-9EDE-4FE57AD4EC0A}"
EndProject
Global
	GlobalSection(SolutionConfigurationPlatforms) = preSolution
		Debug|Any CPU = Debug|Any CPU
		Release|Any CPU = Release|Any CPU
	EndGlobalSection
	GlobalSection(ProjectConfigurationPlatforms) = postSolution
		{4E48A0AB-23B6-4C01-8918-487E287F5048}.Debug|Any CPU.ActiveCfg = Debug|Any CPU
		{4E48A0AB-23B6-4C01-8918-487E287F5048}.Debug|Any CPU.Build.0 = Debug|Any CPU
		{4E48A0AB-23B6-4C01-8918-487E287F5048}.Release|Any CPU.ActiveCfg = Release|Any CPU
		{4E48A0AB-23B6-4C01-8918-487E287F5048}.Release|Any CPU.Build.0 = Release|Any CPU
		{EC0624C8-6EEF-47B2-9EDE-4FE57AD4EC0A}.Debug|Any CPU.ActiveCfg = Debug|Any CPU
		{EC0624C8-6EEF-47B2-9EDE-4FE57AD4EC0A}.Debug|Any CPU.Build.0 = Debug|Any CPU
		{EC0624C8-6EEF-47B2-9EDE-4FE57AD4EC0A}.Release|Any CPU.ActiveCfg = Release|Any CPU
		{EC0624C8-6EEF-47B2-9EDE-4FE57AD4EC0A}.Release|Any CPU.Build.0 = Release|Any CPU
	EndGlobalSection
	GlobalSection(SolutionProperties) = preSolution
		HideSolutionNode = FALSE
	EndGlobalSection
	GlobalSection(ExtensibilityGlobals) = postSolution
		SolutionGuid = {44002EC5-D100-4041-A6A9-098E5C52AFAF}
	EndGlobalSection
EndGlobal
